
Microsoft Visual Studio Solution File, Format Version 12.00
# Visual Studio Version 16
VisualStudioVersion = 16.0.33027.164
MinimumVisualStudioVersion = 10.0.40219.1
Project("{FAE04EC0-301F-11D3-BF4B-00C04F79EFBC}") = "Kinoprokat", "Kinoprokat.csproj", "{CF5FA4D4-7E38-4E00-A39D-D834695449A4}"
EndProject
Global
	GlobalSection(SolutionConfigurationPlatforms) = preSolution
		Debug|Any CPU = Debug|Any CPU
		Release|Any CPU = Release|Any CPU
	EndGlobalSection
	GlobalSection(ProjectConfigurationPlatforms) = postSolution
		{CF5FA4D4-7E38-4E00-A39D-D834695449A4}.Debug|Any CPU.ActiveCfg = Debug|Any CPU
		{CF5FA4D4-7E38-4E00-A39D-D834695449A4}.Debug|Any CPU.Build.0 = Debug|Any CPU
		{CF5FA4D4-7E38-4E00-A39D-D834695449A4}.Release|Any CPU.ActiveCfg = Release|Any CPU
		{CF5FA4D4-7E38-4E00-A39D-D834695449A4}.Release|Any CPU.Build.0 = Release|Any CPU
	EndGlobalSection
	GlobalSection(SolutionProperties) = preSolution
		HideSolutionNode = FALSE
	EndGlobalSection
	GlobalSection(ExtensibilityGlobals) = postSolution
		SolutionGuid = {F327B77E-1058-483C-916A-EACB52317A83}
	EndGlobalSection
EndGlobal
